<?xml version="1.0" encoding="utf-8"?>
<Project ToolsVersion="4.0" xmlns="http://schemas.microsoft.com/developer/msbuild/2003">
  <ItemGroup>
    <ClCompile Include="src\engine\components\DrawModelComponent3D.cpp" />
    <ClCompile Include="src\engine\components\LightComponent.cpp" />
    <ClCompile Include="src\engine\core\Content.cpp" />
    <ClCompile Include="src\engine\graphics\Material.cpp" />
    <ClCompile Include="src\engine\graphics\Model.cpp" />
    <ClCompile Include="src\engine\graphics\OpenGL\Buffer.cpp" />
    <ClCompile Include="src\engine\graphics\OpenGL\Shader.cpp" />
    <ClCompile Include="src\engine\graphics\OpenGL\ShaderProgram.cpp" />
    <ClCompile Include="src\engine\graphics\OpenGL\VertexArray.cpp" />
    <ClCompile Include="src\engine\utils\XmlDocument.cpp" />
    <ClCompile Include="src\game\components\CombatTarget.cpp" />
    <ClCompile Include="src\game\components\CommandReciever.cpp" />
    <ClCompile Include="src\game\components\FollowComponent.cpp" />
    <ClCompile Include="src\game\components\FabricatorComponent.cpp" />
    <ClCompile Include="src\game\components\Resource.cpp" />
    <ClCompile Include="src\game\components\Selectable.cpp" />
    <ClCompile Include="src\game\GameManager.cpp" />
    <ClCompile Include="src\engine\components\CameraComponent.cpp" />
    <ClCompile Include="src\engine\components\ColliderComponent.cpp" />
    <ClCompile Include="src\engine\components\DrawBaseComponent.cpp" />
    <ClCompile Include="src\engine\components\DrawPrimitiveComponent.cpp" />
    <ClCompile Include="src\engine\components\DrawStringComponent.cpp" />
    <ClCompile Include="src\engine\components\DrawTextureComponent.cpp" />
    <ClCompile Include="src\engine\components\TransformComponent.cpp" />
    <ClCompile Include="src\engine\components\UIComponent.cpp" />
    <ClCompile Include="src\engine\core\Application.cpp" />
    <ClCompile Include="src\engine\core\ContentManager.cpp" />
    <ClCompile Include="src\engine\core\Fabricator.cpp" />
    <ClCompile Include="src\engine\core\Game.cpp" />
    <ClCompile Include="src\engine\core\IGameComponent.cpp" />
    <ClCompile Include="src\engine\core\IGameEntity.cpp" />
    <ClCompile Include="src\engine\core\Keyboard.cpp" />
    <ClCompile Include="src\engine\core\Mouse.cpp" />
    <ClCompile Include="src\engine\core\ValkyrieEngine.cpp" />
    <ClCompile Include="src\engine\core\VLKRandom.cpp" />
    <ClCompile Include="src\engine\core\VLKTime.cpp" />
    <ClCompile Include="src\engine\core\Window.cpp" />
    <ClCompile Include="src\engine\graphics\OpenGL\GLRenderer.cpp" />
    <ClCompile Include="src\engine\graphics\Renderer.cpp" />
    <ClCompile Include="src\engine\graphics\SpriteFont.cpp" />
    <ClCompile Include="src\engine\graphics\Texture.cpp" />
    <ClCompile Include="src\engine\performance\ThreadPool.cpp" />
    <ClCompile Include="src\engine\utils\ByteBuffer.cpp" />
    <ClCompile Include="src\engine\utils\Color.cpp" />
    <ClCompile Include="src\engine\utils\Logger.cpp" />
    <ClCompile Include="src\engine\utils\Matrix.cpp" />
    <ClCompile Include="src\engine\utils\StringCollection.cpp" />
    <ClCompile Include="src\engine\utils\Timers.cpp" />
    <ClCompile Include="src\engine\utils\Vector.cpp" />
    <ClCompile Include="src\engine\utils\VLKIO.cpp" />
    <ClCompile Include="src\game\map\Building.cpp" />
    <ClCompile Include="src\game\map\Capture.cpp" />
    <ClCompile Include="src\game\map\GameMap.cpp" />
    <ClCompile Include="src\game\Program.cpp" />
    <ClCompile Include="src\game\ui\PlayerCamera.cpp" />
    <ClCompile Include="src\game\components\TeamComponent.cpp" />
    <ClCompile Include="src\game\util\Raycast.cpp" />
    <ClCompile Include="src\game\units\Unit.cpp" />
  </ItemGroup>
  <ItemGroup>
    <ClInclude Include="src\engine\components\DrawModelComponent.h" />
    <ClInclude Include="src\engine\components\LightComponent.h" />
    <ClInclude Include="src\engine\core\Content.h" />
    <ClInclude Include="src\engine\graphics\Material.h" />
    <ClInclude Include="src\engine\graphics\Model.h" />
    <ClInclude Include="src\engine\graphics\OpenGL\Buffer.h" />
    <ClInclude Include="src\engine\graphics\OpenGL\Shader.h" />
    <ClInclude Include="src\engine\graphics\OpenGL\ShaderProgram.h" />
    <ClInclude Include="src\engine\graphics\OpenGL\VertexArray.h" />
    <ClInclude Include="src\engine\utils\XmlDocument.h" />
    <ClInclude Include="src\game\components\CombatTarget.h" />
    <ClInclude Include="src\game\components\CommandReciever.h" />
    <ClInclude Include="src\game\components\FollowComponent.h" />
    <ClInclude Include="src\game\components\FabricatorComponent.h" />
    <ClInclude Include="src\game\components\Resource.h" />
    <ClInclude Include="src\game\components\Selectable.h" />
    <ClInclude Include="src\game\GameManager.h" />
    <ClInclude Include="src\engine\components\CameraComponent.h" />
    <ClInclude Include="src\engine\components\ColliderComponent.h" />
    <ClInclude Include="src\engine\components\DrawBaseComponent.h" />
    <ClInclude Include="src\engine\components\DrawPrimitiveComponent.h" />
    <ClInclude Include="src\engine\components\DrawStringComponent.h" />
    <ClInclude Include="src\engine\components\DrawTextureComponent.h" />
    <ClInclude Include="src\engine\components\TransformComponent.h" />
    <ClInclude Include="src\engine\components\UIComponent.h" />
    <ClInclude Include="src\engine\core\Application.h" />
    <ClInclude Include="src\engine\core\ContentManager.hpp" />
    <ClInclude Include="src\engine\core\EventBus.hpp" />
    <ClInclude Include="src\engine\core\Fabricator.h" />
    <ClInclude Include="src\engine\core\Game.h" />
    <ClInclude Include="src\engine\core\GameComponent.hpp" />
    <ClInclude Include="src\engine\core\GameEntity.hpp" />
    <ClInclude Include="src\engine\core\IGameComponent.h" />
    <ClInclude Include="src\engine\core\IGameEntity.h" />
    <ClInclude Include="src\engine\core\Keyboard.h" />
    <ClInclude Include="src\engine\core\Mouse.h" />
    <ClInclude Include="src\engine\core\ValkyrieEngine.h" />
    <ClInclude Include="src\engine\core\VLKRandom.h" />
    <ClInclude Include="src\engine\core\VLKTime.h" />
    <ClInclude Include="src\engine\core\Window.h" />
    <ClInclude Include="src\engine\graphics\OpenGL\GLRenderer.h" />
    <ClInclude Include="src\engine\graphics\Renderer.h" />
    <ClInclude Include="src\engine\graphics\SpriteFont.h" />
    <ClInclude Include="src\engine\graphics\Texture.h" />
    <ClInclude Include="src\engine\memory\Chunk.hpp" />
    <ClInclude Include="src\engine\memory\ChunkAllocator.hpp" />
    <ClInclude Include="src\engine\memory\HeapAllocator.hpp" />
    <ClInclude Include="src\engine\performance\ThreadPool.h" />
    <ClInclude Include="src\engine\utils\ByteBuffer.hpp" />
    <ClInclude Include="src\engine\utils\Color.h" />
    <ClInclude Include="src\engine\utils\Logger.h" />
    <ClInclude Include="src\engine\utils\Matrix.h" />
    <ClInclude Include="src\engine\utils\NonClonable.h" />
    <ClInclude Include="src\engine\utils\StringCollection.h" />
    <ClInclude Include="src\engine\utils\Timers.h" />
    <ClInclude Include="src\engine\utils\Vector.h" />
    <ClInclude Include="src\engine\utils\VLKIO.h" />
    <ClInclude Include="src\game\map\Building.h" />
    <ClInclude Include="src\game\map\Capture.h" />
    <ClInclude Include="src\game\map\GameMap.h" />
    <ClInclude Include="src\game\Takover.h" />
    <ClInclude Include="src\game\ui\PlayerCamera.h" />
    <ClInclude Include="src\game\components\TeamComponent.h" />
    <ClInclude Include="src\game\units\Unit.h" />
    <ClInclude Include="src\game\util\Raycast.h" />
  </ItemGroup>
</Project>